// !$*UTF8*$!
{
	archiveVersion = 1;
	classes = {
	};
	objectVersion = 46;
	objects = {

/* Begin PBXBuildFile section */
		C55810B51AB9035A0074836F /* main.m in Sources */ = {isa = PBXBuildFile; fileRef = C55810B41AB9035A0074836F /* main.m */; };
		C55810B81AB9035A0074836F /* AppDelegate.m in Sources */ = {isa = PBXBuildFile; fileRef = C55810B71AB9035A0074836F /* AppDelegate.m */; };
		C55810BB1AB9035A0074836F /* FirstViewController.m in Sources */ = {isa = PBXBuildFile; fileRef = C55810BA1AB9035A0074836F /* FirstViewController.m */; };
		C55810BE1AB9035A0074836F /* SecondViewController.m in Sources */ = {isa = PBXBuildFile; fileRef = C55810BD1AB9035A0074836F /* SecondViewController.m */; };
		C55810C11AB9035A0074836F /* Main.storyboard in Resources */ = {isa = PBXBuildFile; fileRef = C55810BF1AB9035A0074836F /* Main.storyboard */; };
		C55810C31AB9035A0074836F /* Images.xcassets in Resources */ = {isa = PBXBuildFile; fileRef = C55810C21AB9035A0074836F /* Images.xcassets */; };
		C55810C61AB9035A0074836F /* LaunchScreen.xib in Resources */ = {isa = PBXBuildFile; fileRef = C55810C41AB9035A0074836F /* LaunchScreen.xib */; };
		C55810D21AB9035A0074836F /* StreetMusicMapTests.m in Sources */ = {isa = PBXBuildFile; fileRef = C55810D11AB9035A0074836F /* StreetMusicMapTests.m */; };
/* End PBXBuildFile section */

/* Begin PBXContainerItemProxy section */
		C55810CC1AB9035A0074836F /* PBXContainerItemProxy */ = {
			isa = PBXContainerItemProxy;
			containerPortal = C55810A71AB9035A0074836F /* Project object */;
			proxyType = 1;
			remoteGlobalIDString = C55810AE1AB9035A0074836F;
			remoteInfo = StreetMusicMap;
		};
/* End PBXContainerItemProxy section */

/* Begin PBXFileReference section */
		C55810AF1AB9035A0074836F /* StreetMusicMap.app */ = {isa = PBXFileReference; explicitFileType = wrapper.application; includeInIndex = 0; path = StreetMusicMap.app; sourceTree = BUILT_PRODUCTS_DIR; };
		C55810B31AB9035A0074836F /* Info.plist */ = {isa = PBXFileReference; lastKnownFileType = text.plist.xml; path = Info.plist; sourceTree = "<group>"; };
		C55810B41AB9035A0074836F /* main.m */ = {isa = PBXFileReference; lastKnownFileType = sourcecode.c.objc; path = main.m; sourceTree = "<group>"; };
		C55810B61AB9035A0074836F /* AppDelegate.h */ = {isa = PBXFileReference; lastKnownFileType = sourcecode.c.h; path = AppDelegate.h; sourceTree = "<group>"; };
		C55810B71AB9035A0074836F /* AppDelegate.m */ = {isa = PBXFileReference; lastKnownFileType = sourcecode.c.objc; path = AppDelegate.m; sourceTree = "<group>"; };
		C55810B91AB9035A0074836F /* FirstViewController.h */ = {isa = PBXFileReference; lastKnownFileType = sourcecode.c.h; path = FirstViewController.h; sourceTree = "<group>"; };
		C55810BA1AB9035A0074836F /* FirstViewController.m */ = {isa = PBXFileReference; lastKnownFileType = sourcecode.c.objc; path = FirstViewController.m; sourceTree = "<group>"; };
		C55810BC1AB9035A0074836F /* SecondViewController.h */ = {isa = PBXFileReference; lastKnownFileType = sourcecode.c.h; path = SecondViewController.h; sourceTree = "<group>"; };
		C55810BD1AB9035A0074836F /* SecondViewController.m */ = {isa = PBXFileReference; lastKnownFileType = sourcecode.c.objc; path = SecondViewController.m; sourceTree = "<group>"; };
		C55810C01AB9035A0074836F /* Base */ = {isa = PBXFileReference; lastKnownFileType = file.storyboard; name = Base; path = Base.lproj/Main.storyboard; sourceTree = "<group>"; };
		C55810C21AB9035A0074836F /* Images.xcassets */ = {isa = PBXFileReference; lastKnownFileType = folder.assetcatalog; path = Images.xcassets; sourceTree = "<group>"; };
		C55810C51AB9035A0074836F /* Base */ = {isa = PBXFileReference; lastKnownFileType = file.xib; name = Base; path = Base.lproj/LaunchScreen.xib; sourceTree = "<group>"; };
		C55810CB1AB9035A0074836F /* StreetMusicMapTests.xctest */ = {isa = PBXFileReference; explicitFileType = wrapper.cfbundle; includeInIndex = 0; path = StreetMusicMapTests.xctest; sourceTree = BUILT_PRODUCTS_DIR; };
		C55810D01AB9035A0074836F /* Info.plist */ = {isa = PBXFileReference; lastKnownFileType = text.plist.xml; path = Info.plist; sourceTree = "<group>"; };
		C55810D11AB9035A0074836F /* StreetMusicMapTests.m */ = {isa = PBXFileReference; lastKnownFileType = sourcecode.c.objc; path = StreetMusicMapTests.m; sourceTree = "<group>"; };
/* End PBXFileReference section */

/* Begin PBXFrameworksBuildPhase section */
		C55810AC1AB9035A0074836F /* Frameworks */ = {
			isa = PBXFrameworksBuildPhase;
			buildActionMask = 2147483647;
			files = (
			);
			runOnlyForDeploymentPostprocessing = 0;
		};
		C55810C81AB9035A0074836F /* Frameworks */ = {
			isa = PBXFrameworksBuildPhase;
			buildActionMask = 2147483647;
			files = (
			);
			runOnlyForDeploymentPostprocessing = 0;
		};
/* End PBXFrameworksBuildPhase section */

/* Begin PBXGroup section */
		C55810A61AB903590074836F = {
			isa = PBXGroup;
			children = (
				C55810B11AB9035A0074836F /* StreetMusicMap */,
				C55810CE1AB9035A0074836F /* StreetMusicMapTests */,
				C55810B01AB9035A0074836F /* Products */,
			);
			sourceTree = "<group>";
		};
		C55810B01AB9035A0074836F /* Products */ = {
			isa = PBXGroup;
			children = (
				C55810AF1AB9035A0074836F /* StreetMusicMap.app */,
				C55810CB1AB9035A0074836F /* StreetMusicMapTests.xctest */,
			);
			name = Products;
			sourceTree = "<group>";
		};
		C55810B11AB9035A0074836F /* StreetMusicMap */ = {
			isa = PBXGroup;
			children = (
				C55810B61AB9035A0074836F /* AppDelegate.h */,
				C55810B71AB9035A0074836F /* AppDelegate.m */,
				C55810B91AB9035A0074836F /* FirstViewController.h */,
				C55810BA1AB9035A0074836F /* FirstViewController.m */,
				C55810BC1AB9035A0074836F /* SecondViewController.h */,
				C55810BD1AB9035A0074836F /* SecondViewController.m */,
				C55810BF1AB9035A0074836F /* Main.storyboard */,
				C55810C21AB9035A0074836F /* Images.xcassets */,
				C55810C41AB9035A0074836F /* LaunchScreen.xib */,
				C55810B21AB9035A0074836F /* Supporting Files */,
			);
			path = StreetMusicMap;
			sourceTree = "<group>";
		};
		C55810B21AB9035A0074836F /* Supporting Files */ = {
			isa = PBXGroup;
			children = (
				C55810B31AB9035A0074836F /* Info.plist */,
				C55810B41AB9035A0074836F /* main.m */,
			);
			name = "Supporting Files";
			sourceTree = "<group>";
		};
		C55810CE1AB9035A0074836F /* StreetMusicMapTests */ = {
			isa = PBXGroup;
			children = (
				C55810D11AB9035A0074836F /* StreetMusicMapTests.m */,
				C55810CF1AB9035A0074836F /* Supporting Files */,
			);
			path = StreetMusicMapTests;
			sourceTree = "<group>";
		};
		C55810CF1AB9035A0074836F /* Supporting Files */ = {
			isa = PBXGroup;
			children = (
				C55810D01AB9035A0074836F /* Info.plist */,
			);
			name = "Supporting Files";
			sourceTree = "<group>";
		};
/* End PBXGroup section */

/* Begin PBXNativeTarget section */
		C55810AE1AB9035A0074836F /* StreetMusicMap */ = {
			isa = PBXNativeTarget;
			buildConfigurationList = C55810D51AB9035A0074836F /* Build configuration list for PBXNativeTarget "StreetMusicMap" */;
			buildPhases = (
				C55810AB1AB9035A0074836F /* Sources */,
				C55810AC1AB9035A0074836F /* Frameworks */,
				C55810AD1AB9035A0074836F /* Resources */,
			);
			buildRules = (
			);
			dependencies = (
			);
			name = StreetMusicMap;
			productName = StreetMusicMap;
			productReference = C55810AF1AB9035A0074836F /* StreetMusicMap.app */;
			productType = "com.apple.product-type.application";
		};
		C55810CA1AB9035A0074836F /* StreetMusicMapTests */ = {
			isa = PBXNativeTarget;
			buildConfigurationList = C55810D81AB9035A0074836F /* Build configuration list for PBXNativeTarget "StreetMusicMapTests" */;
			buildPhases = (
				C55810C71AB9035A0074836F /* Sources */,
				C55810C81AB9035A0074836F /* Frameworks */,
				C55810C91AB9035A0074836F /* Resources */,
			);
			buildRules = (
			);
			dependencies = (
				C55810CD1AB9035A0074836F /* PBXTargetDependency */,
			);
			name = StreetMusicMapTests;
			productName = StreetMusicMapTests;
			productReference = C55810CB1AB9035A0074836F /* StreetMusicMapTests.xctest */;
			productType = "com.apple.product-type.bundle.unit-test";
		};
/* End PBXNativeTarget section */

/* Begin PBXProject section */
		C55810A71AB9035A0074836F /* Project object */ = {
			isa = PBXProject;
			attributes = {
				LastUpgradeCheck = 0620;
				ORGANIZATIONNAME = TrueTapp;
				TargetAttributes = {
					C55810AE1AB9035A0074836F = {
						CreatedOnToolsVersion = 6.2;
					};
					C55810CA1AB9035A0074836F = {
						CreatedOnToolsVersion = 6.2;
						TestTargetID = C55810AE1AB9035A0074836F;
					};
				};
			};
			buildConfigurationList = C55810AA1AB9035A0074836F /* Build configuration list for PBXProject "StreetMusicMap" */;
			compatibilityVersion = "Xcode 3.2";
			developmentRegion = English;
			hasScannedForEncodings = 0;
			knownRegions = (
				en,
				Base,
			);
			mainGroup = C55810A61AB903590074836F;
			productRefGroup = C55810B01AB9035A0074836F /* Products */;
			projectDirPath = "";
			projectRoot = "";
			targets = (
				C55810AE1AB9035A0074836F /* StreetMusicMap */,
				C55810CA1AB9035A0074836F /* StreetMusicMapTests */,
			);
		};
/* End PBXProject section */

/* Begin PBXResourcesBuildPhase section */
		C55810AD1AB9035A0074836F /* Resources */ = {
			isa = PBXResourcesBuildPhase;
			buildActionMask = 2147483647;
			files = (
				C55810C11AB9035A0074836F /* Main.storyboard in Resources */,
				C55810C61AB9035A0074836F /* LaunchScreen.xib in Resources */,
				C55810C31AB9035A0074836F /* Images.xcassets in Resources */,
			);
			runOnlyForDeploymentPostprocessing = 0;
		};
		C55810C91AB9035A0074836F /* Resources */ = {
			isa = PBXResourcesBuildPhase;
			buildActionMask = 2147483647;
			files = (
			);
			runOnlyForDeploymentPostprocessing = 0;
		};
/* End PBXResourcesBuildPhase section */

/* Begin PBXSourcesBuildPhase section */
		C55810AB1AB9035A0074836F /* Sources */ = {
			isa = PBXSourcesBuildPhase;
			buildActionMask = 2147483647;
			files = (
				C55810BE1AB9035A0074836F /* SecondViewController.m in Sources */,
				C55810B81AB9035A0074836F /* AppDelegate.m in Sources */,
				C55810BB1AB9035A0074836F /* FirstViewController.m in Sources */,
				C55810B51AB9035A0074836F /* main.m in Sources */,
			);
			runOnlyForDeploymentPostprocessing = 0;
		};
		C55810C71AB9035A0074836F /* Sources */ = {
			isa = PBXSourcesBuildPhase;
			buildActionMask = 2147483647;
			files = (
				C55810D21AB9035A0074836F /* StreetMusicMapTests.m in Sources */,
			);
			runOnlyForDeploymentPostprocessing = 0;
		};
/* End PBXSourcesBuildPhase section */

/* Begin PBXTargetDependency section */
		C55810CD1AB9035A0074836F /* PBXTargetDependency */ = {
			isa = PBXTargetDependency;
			target = C55810AE1AB9035A0074836F /* StreetMusicMap */;
			targetProxy = C55810CC1AB9035A0074836F /* PBXContainerItemProxy */;
		};
/* End PBXTargetDependency section */

/* Begin PBXVariantGroup section */
		C55810BF1AB9035A0074836F /* Main.storyboard */ = {
			isa = PBXVariantGroup;
			children = (
				C55810C01AB9035A0074836F /* Base */,
			);
			name = Main.storyboard;
			sourceTree = "<group>";
		};
		C55810C41AB9035A0074836F /* LaunchScreen.xib */ = {
			isa = PBXVariantGroup;
			children = (
				C55810C51AB9035A0074836F /* Base */,
			);
			name = LaunchScreen.xib;
			sourceTree = "<group>";
		};
/* End PBXVariantGroup section */

/* Begin XCBuildConfiguration section */
		C55810D31AB9035A0074836F /* Debug */ = {
			isa = XCBuildConfiguration;
			buildSettings = {
				ALWAYS_SEARCH_USER_PATHS = NO;
				CLANG_CXX_LANGUAGE_STANDARD = "gnu++0x";
				CLANG_CXX_LIBRARY = "libc++";
				CLANG_ENABLE_MODULES = YES;
				CLANG_ENABLE_OBJC_ARC = YES;
				CLANG_WARN_BOOL_CONVERSION = YES;
				CLANG_WARN_CONSTANT_CONVERSION = YES;
				CLANG_WARN_DIRECT_OBJC_ISA_USAGE = YES_ERROR;
				CLANG_WARN_EMPTY_BODY = YES;
				CLANG_WARN_ENUM_CONVERSION = YES;
				CLANG_WARN_INT_CONVERSION = YES;
				CLANG_WARN_OBJC_ROOT_CLASS = YES_ERROR;
				CLANG_WARN_UNREACHABLE_CODE = YES;
				CLANG_WARN__DUPLICATE_METHOD_MATCH = YES;
				"CODE_SIGN_IDENTITY[sdk=iphoneos*]" = "iPhone Developer";
				COPY_PHASE_STRIP = NO;
				ENABLE_STRICT_OBJC_MSGSEND = YES;
				GCC_C_LANGUAGE_STANDARD = gnu99;
				GCC_DYNAMIC_NO_PIC = NO;
				GCC_OPTIMIZATION_LEVEL = 0;
				GCC_PREPROCESSOR_DEFINITIONS = (
					"DEBUG=1",
					"$(inherited)",
				);
				GCC_SYMBOLS_PRIVATE_EXTERN = NO;
				GCC_WARN_64_TO_32_BIT_CONVERSION = YES;
				GCC_WARN_ABOUT_RETURN_TYPE = YES_ERROR;
				GCC_WARN_UNDECLARED_SELECTOR = YES;
				GCC_WARN_UNINITIALIZED_AUTOS = YES_AGGRESSIVE;
				GCC_WARN_UNUSED_FUNCTION = YES;
				GCC_WARN_UNUSED_VARIABLE = YES;
				IPHONEOS_DEPLOYMENT_TARGET = 8.2;
				MTL_ENABLE_DEBUG_INFO = YES;
				ONLY_ACTIVE_ARCH = YES;
				SDKROOT = iphoneos;
			};
			name = Debug;
		};
		C55810D41AB9035A0074836F /* Release */ = {
			isa = XCBuildConfiguration;
			buildSettings = {
				ALWAYS_SEARCH_USER_PATHS = NO;
				CLANG_CXX_LANGUAGE_STANDARD = "gnu++0x";
				CLANG_CXX_LIBRARY = "libc++";
				CLANG_ENABLE_MODULES = YES;
				CLANG_ENABLE_OBJC_ARC = YES;
				CLANG_WARN_BOOL_CONVERSION = YES;
				CLANG_WARN_CONSTANT_CONVERSION = YES;
				CLANG_WARN_DIRECT_OBJC_ISA_USAGE = YES_ERROR;
				CLANG_WARN_EMPTY_BODY = YES;
				CLANG_WARN_ENUM_CONVERSION = YES;
				CLANG_WARN_INT_CONVERSION = YES;
				CLANG_WARN_OBJC_ROOT_CLASS = YES_ERROR;
				CLANG_WARN_UNREACHABLE_CODE = YES;
				CLANG_WARN__DUPLICATE_METHOD_MATCH = YES;
				"CODE_SIGN_IDENTITY[sdk=iphoneos*]" = "iPhone Developer";
				COPY_PHASE_STRIP = NO;
				ENABLE_NS_ASSERTIONS = NO;
				ENABLE_STRICT_OBJC_MSGSEND = YES;
				GCC_C_LANGUAGE_STANDARD = gnu99;
				GCC_WARN_64_TO_32_BIT_CONVERSION = YES;
				GCC_WARN_ABOUT_RETURN_TYPE = YES_ERROR;
				GCC_WARN_UNDECLARED_SELECTOR = YES;
				GCC_WARN_UNINITIALIZED_AUTOS = YES_AGGRESSIVE;
				GCC_WARN_UNUSED_FUNCTION = YES;
				GCC_WARN_UNUSED_VARIABLE = YES;
				IPHONEOS_DEPLOYMENT_TARGET = 8.2;
				MTL_ENABLE_DEBUG_INFO = NO;
				SDKROOT = iphoneos;
				VALIDATE_PRODUCT = YES;
			};
			name = Release;
		};
		C55810D61AB9035A0074836F /* Debug */ = {
			isa = XCBuildConfiguration;
			buildSettings = {
				ASSETCATALOG_COMPILER_APPICON_NAME = AppIcon;
				INFOPLIST_FILE = StreetMusicMap/Info.plist;
				LD_RUNPATH_SEARCH_PATHS = "$(inherited) @executable_path/Frameworks";
				PRODUCT_NAME = "$(TARGET_NAME)";
			};
			name = Debug;
		};
		C55810D71AB9035A0074836F /* Release */ = {
			isa = XCBuildConfiguration;
			buildSettings = {
				ASSETCATALOG_COMPILER_APPICON_NAME = AppIcon;
				INFOPLIST_FILE = StreetMusicMap/Info.plist;
				LD_RUNPATH_SEARCH_PATHS = "$(inherited) @executable_path/Frameworks";
				PRODUCT_NAME = "$(TARGET_NAME)";
			};
			name = Release;
		};
		C55810D91AB9035A0074836F /* Debug */ = {
			isa = XCBuildConfiguration;
			buildSettings = {
				BUNDLE_LOADER = "$(TEST_HOST)";
				FRAMEWORK_SEARCH_PATHS = (
					"$(SDKROOT)/Developer/Library/Frameworks",
					"$(inherited)",
				);
				GCC_PREPROCESSOR_DEFINITIONS = (
					"DEBUG=1",
					"$(inherited)",
				);
				INFOPLIST_FILE = StreetMusicMapTests/Info.plist;
				LD_RUNPATH_SEARCH_PATHS = "$(inherited) @executable_path/Frameworks @loader_path/Frameworks";
				PRODUCT_NAME = "$(TARGET_NAME)";
				TEST_HOST = "$(BUILT_PRODUCTS_DIR)/StreetMusicMap.app/StreetMusicMap";
			};
			name = Debug;
		};
		C55810DA1AB9035A0074836F /* Release */ = {
			isa = XCBuildConfiguration;
			buildSettings = {
				BUNDLE_LOADER = "$(TEST_HOST)";
				FRAMEWORK_SEARCH_PATHS = (
					"$(SDKROOT)/Developer/Library/Frameworks",
					"$(inherited)",
				);
				INFOPLIST_FILE = StreetMusicMapTests/Info.plist;
				LD_RUNPATH_SEARCH_PATHS = "$(inherited) @executable_path/Frameworks @loader_path/Frameworks";
				PRODUCT_NAME = "$(TARGET_NAME)";
				TEST_HOST = "$(BUILT_PRODUCTS_DIR)/StreetMusicMap.app/StreetMusicMap";
			};
			name = Release;
		};
/* End XCBuildConfiguration section */

/* Begin XCConfigurationList section */
		C55810AA1AB9035A0074836F /* Build configuration list for PBXProject "StreetMusicMap" */ = {
			isa = XCConfigurationList;
			buildConfigurations = (
				C55810D31AB9035A0074836F /* Debug */,
				C55810D41AB9035A0074836F /* Release */,
			);
			defaultConfigurationIsVisible = 0;
			defaultConfigurationName = Release;
		};
		C55810D51AB9035A0074836F /* Build configuration list for PBXNativeTarget "StreetMusicMap" */ = {
			isa = XCConfigurationList;
			buildConfigurations = (
				C55810D61AB9035A0074836F /* Debug */,
				C55810D71AB9035A0074836F /* Release */,
			);
			defaultConfigurationIsVisible = 0;
		};
		C55810D81AB9035A0074836F /* Build configuration list for PBXNativeTarget "StreetMusicMapTests" */ = {
			isa = XCConfigurationList;
			buildConfigurations = (
				C55810D91AB9035A0074836F /* Debug */,
				C55810DA1AB9035A0074836F /* Release */,
			);
			defaultConfigurationIsVisible = 0;
		};
/* End XCConfigurationList section */
	};
	rootObject = C55810A71AB9035A0074836F /* Project object */;
}
